
Microsoft Visual Studio Solution File, Format Version 12.00
# Visual Studio 15
VisualStudioVersion = 15.0.26124.0
MinimumVisualStudioVersion = 15.0.26124.0
Project("{FAE04EC0-301F-11D3-BF4B-00C04F79EFBC}") = "API", "API\API.csproj", "{7E46D0FB-C526-4193-B9B7-89FAF1BF3413}"
EndProject
Project("{FAE04EC0-301F-11D3-BF4B-00C04F79EFBC}") = "Core", "Core\Core.csproj", "{479FAE1F-F682-4F64-B68B-B9820E7D35A6}"
EndProject
Project("{FAE04EC0-301F-11D3-BF4B-00C04F79EFBC}") = "Infrastructure", "Infrastructure\Infrastructure.csproj", "{7E15F73E-ACFF-4324-9D1C-AE4010B37190}"
EndProject
Global
	GlobalSection(SolutionConfigurationPlatforms) = preSolution
		Debug|Any CPU = Debug|Any CPU
		Debug|x64 = Debug|x64
		Debug|x86 = Debug|x86
		Release|Any CPU = Release|Any CPU
		Release|x64 = Release|x64
		Release|x86 = Release|x86
	EndGlobalSection
	GlobalSection(SolutionProperties) = preSolution
		HideSolutionNode = FALSE
	EndGlobalSection
	GlobalSection(ProjectConfigurationPlatforms) = postSolution
		{7E46D0FB-C526-4193-B9B7-89FAF1BF3413}.Debug|Any CPU.ActiveCfg = Debug|Any CPU
		{7E46D0FB-C526-4193-B9B7-89FAF1BF3413}.Debug|Any CPU.Build.0 = Debug|Any CPU
		{7E46D0FB-C526-4193-B9B7-89FAF1BF3413}.Debug|x64.ActiveCfg = Debug|Any CPU
		{7E46D0FB-C526-4193-B9B7-89FAF1BF3413}.Debug|x64.Build.0 = Debug|Any CPU
		{7E46D0FB-C526-4193-B9B7-89FAF1BF3413}.Debug|x86.ActiveCfg = Debug|Any CPU
		{7E46D0FB-C526-4193-B9B7-89FAF1BF3413}.Debug|x86.Build.0 = Debug|Any CPU
		{7E46D0FB-C526-4193-B9B7-89FAF1BF3413}.Release|Any CPU.ActiveCfg = Release|Any CPU
		{7E46D0FB-C526-4193-B9B7-89FAF1BF3413}.Release|Any CPU.Build.0 = Release|Any CPU
		{7E46D0FB-C526-4193-B9B7-89FAF1BF3413}.Release|x64.ActiveCfg = Release|Any CPU
		{7E46D0FB-C526-4193-B9B7-89FAF1BF3413}.Release|x64.Build.0 = Release|Any CPU
		{7E46D0FB-C526-4193-B9B7-89FAF1BF3413}.Release|x86.ActiveCfg = Release|Any CPU
		{7E46D0FB-C526-4193-B9B7-89FAF1BF3413}.Release|x86.Build.0 = Release|Any CPU
		{479FAE1F-F682-4F64-B68B-B9820E7D35A6}.Debug|Any CPU.ActiveCfg = Debug|Any CPU
		{479FAE1F-F682-4F64-B68B-B9820E7D35A6}.Debug|Any CPU.Build.0 = Debug|Any CPU
		{479FAE1F-F682-4F64-B68B-B9820E7D35A6}.Debug|x64.ActiveCfg = Debug|Any CPU
		{479FAE1F-F682-4F64-B68B-B9820E7D35A6}.Debug|x64.Build.0 = Debug|Any CPU
		{479FAE1F-F682-4F64-B68B-B9820E7D35A6}.Debug|x86.ActiveCfg = Debug|Any CPU
		{479FAE1F-F682-4F64-B68B-B9820E7D35A6}.Debug|x86.Build.0 = Debug|Any CPU
		{479FAE1F-F682-4F64-B68B-B9820E7D35A6}.Release|Any CPU.ActiveCfg = Release|Any CPU
		{479FAE1F-F682-4F64-B68B-B9820E7D35A6}.Release|Any CPU.Build.0 = Release|Any CPU
		{479FAE1F-F682-4F64-B68B-B9820E7D35A6}.Release|x64.ActiveCfg = Release|Any CPU
		{479FAE1F-F682-4F64-B68B-B9820E7D35A6}.Release|x64.Build.0 = Release|Any CPU
		{479FAE1F-F682-4F64-B68B-B9820E7D35A6}.Release|x86.ActiveCfg = Release|Any CPU
		{479FAE1F-F682-4F64-B68B-B9820E7D35A6}.Release|x86.Build.0 = Release|Any CPU
		{7E15F73E-ACFF-4324-9D1C-AE4010B37190}.Debug|Any CPU.ActiveCfg = Debug|Any CPU
		{7E15F73E-ACFF-4324-9D1C-AE4010B37190}.Debug|Any CPU.Build.0 = Debug|Any CPU
		{7E15F73E-ACFF-4324-9D1C-AE4010B37190}.Debug|x64.ActiveCfg = Debug|Any CPU
		{7E15F73E-ACFF-4324-9D1C-AE4010B37190}.Debug|x64.Build.0 = Debug|Any CPU
		{7E15F73E-ACFF-4324-9D1C-AE4010B37190}.Debug|x86.ActiveCfg = Debug|Any CPU
		{7E15F73E-ACFF-4324-9D1C-AE4010B37190}.Debug|x86.Build.0 = Debug|Any CPU
		{7E15F73E-ACFF-4324-9D1C-AE4010B37190}.Release|Any CPU.ActiveCfg = Release|Any CPU
		{7E15F73E-ACFF-4324-9D1C-AE4010B37190}.Release|Any CPU.Build.0 = Release|Any CPU
		{7E15F73E-ACFF-4324-9D1C-AE4010B37190}.Release|x64.ActiveCfg = Release|Any CPU
		{7E15F73E-ACFF-4324-9D1C-AE4010B37190}.Release|x64.Build.0 = Release|Any CPU
		{7E15F73E-ACFF-4324-9D1C-AE4010B37190}.Release|x86.ActiveCfg = Release|Any CPU
		{7E15F73E-ACFF-4324-9D1C-AE4010B37190}.Release|x86.Build.0 = Release|Any CPU
	EndGlobalSection
EndGlobal
